// !$*UTF8*$!
{
	archiveVersion = 1;
	classes = {
	};
	objectVersion = 46;
	objects = {

/* Begin PBXBuildFile section */
		2A1E018DF10D1C0B718314FC /* Pods.framework in Frameworks */ = {isa = PBXBuildFile; fileRef = 32978AB175DFB71DC87C1117 /* Pods.framework */; };
		2C724D531C53E7EB00A53EAF /* AppDelegate.swift in Sources */ = {isa = PBXBuildFile; fileRef = 2C724D521C53E7EB00A53EAF /* AppDelegate.swift */; };
		2C724D581C53E7EB00A53EAF /* Main.storyboard in Resources */ = {isa = PBXBuildFile; fileRef = 2C724D561C53E7EB00A53EAF /* Main.storyboard */; };
		2C724D5A1C53E7EB00A53EAF /* Assets.xcassets in Resources */ = {isa = PBXBuildFile; fileRef = 2C724D591C53E7EB00A53EAF /* Assets.xcassets */; };
		2C724D5D1C53E7EB00A53EAF /* LaunchScreen.storyboard in Resources */ = {isa = PBXBuildFile; fileRef = 2C724D5B1C53E7EB00A53EAF /* LaunchScreen.storyboard */; };
		2C724D681C53E7EB00A53EAF /* FirebaseJokesTests.swift in Sources */ = {isa = PBXBuildFile; fileRef = 2C724D671C53E7EB00A53EAF /* FirebaseJokesTests.swift */; };
		2C724D731C53E7EB00A53EAF /* FirebaseJokesUITests.swift in Sources */ = {isa = PBXBuildFile; fileRef = 2C724D721C53E7EB00A53EAF /* FirebaseJokesUITests.swift */; };
		2C724D861C53E87E00A53EAF /* Constants.swift in Sources */ = {isa = PBXBuildFile; fileRef = 2C724D851C53E87E00A53EAF /* Constants.swift */; };
		2C724D881C53E8B500A53EAF /* DataService.swift in Sources */ = {isa = PBXBuildFile; fileRef = 2C724D871C53E8B500A53EAF /* DataService.swift */; };
		2C724D8A1C53E8D900A53EAF /* Joke.swift in Sources */ = {isa = PBXBuildFile; fileRef = 2C724D891C53E8D900A53EAF /* Joke.swift */; };
		2C724D8C1C53E90300A53EAF /* LoginViewController.swift in Sources */ = {isa = PBXBuildFile; fileRef = 2C724D8B1C53E90300A53EAF /* LoginViewController.swift */; };
		2C724D8E1C53E92000A53EAF /* CreateAccountViewController.swift in Sources */ = {isa = PBXBuildFile; fileRef = 2C724D8D1C53E92000A53EAF /* CreateAccountViewController.swift */; };
		2C724D901C53E93B00A53EAF /* JokesFeedTableViewController.swift in Sources */ = {isa = PBXBuildFile; fileRef = 2C724D8F1C53E93B00A53EAF /* JokesFeedTableViewController.swift */; };
		2C724D921C53E95600A53EAF /* AddJokeViewController.swift in Sources */ = {isa = PBXBuildFile; fileRef = 2C724D911C53E95600A53EAF /* AddJokeViewController.swift */; };
		2C724D941C53E97800A53EAF /* JokeCellTableViewCell.swift in Sources */ = {isa = PBXBuildFile; fileRef = 2C724D931C53E97800A53EAF /* JokeCellTableViewCell.swift */; };
/* End PBXBuildFile section */

/* Begin PBXContainerItemProxy section */
		2C724D641C53E7EB00A53EAF /* PBXContainerItemProxy */ = {
			isa = PBXContainerItemProxy;
			containerPortal = 2C724D471C53E7EB00A53EAF /* Project object */;
			proxyType = 1;
			remoteGlobalIDString = 2C724D4E1C53E7EB00A53EAF;
			remoteInfo = FirebaseJokes;
		};
		2C724D6F1C53E7EB00A53EAF /* PBXContainerItemProxy */ = {
			isa = PBXContainerItemProxy;
			containerPortal = 2C724D471C53E7EB00A53EAF /* Project object */;
			proxyType = 1;
			remoteGlobalIDString = 2C724D4E1C53E7EB00A53EAF;
			remoteInfo = FirebaseJokes;
		};
/* End PBXContainerItemProxy section */

/* Begin PBXFileReference section */
		2C724D4F1C53E7EB00A53EAF /* FirebaseJokes.app */ = {isa = PBXFileReference; explicitFileType = wrapper.application; includeInIndex = 0; path = FirebaseJokes.app; sourceTree = BUILT_PRODUCTS_DIR; };
		2C724D521C53E7EB00A53EAF /* AppDelegate.swift */ = {isa = PBXFileReference; lastKnownFileType = sourcecode.swift; path = AppDelegate.swift; sourceTree = "<group>"; };
		2C724D571C53E7EB00A53EAF /* Base */ = {isa = PBXFileReference; lastKnownFileType = file.storyboard; name = Base; path = Base.lproj/Main.storyboard; sourceTree = "<group>"; };
		2C724D591C53E7EB00A53EAF /* Assets.xcassets */ = {isa = PBXFileReference; lastKnownFileType = folder.assetcatalog; path = Assets.xcassets; sourceTree = "<group>"; };
		2C724D5C1C53E7EB00A53EAF /* Base */ = {isa = PBXFileReference; lastKnownFileType = file.storyboard; name = Base; path = Base.lproj/LaunchScreen.storyboard; sourceTree = "<group>"; };
		2C724D5E1C53E7EB00A53EAF /* Info.plist */ = {isa = PBXFileReference; lastKnownFileType = text.plist.xml; path = Info.plist; sourceTree = "<group>"; };
		2C724D631C53E7EB00A53EAF /* FirebaseJokesTests.xctest */ = {isa = PBXFileReference; explicitFileType = wrapper.cfbundle; includeInIndex = 0; path = FirebaseJokesTests.xctest; sourceTree = BUILT_PRODUCTS_DIR; };
		2C724D671C53E7EB00A53EAF /* FirebaseJokesTests.swift */ = {isa = PBXFileReference; lastKnownFileType = sourcecode.swift; path = FirebaseJokesTests.swift; sourceTree = "<group>"; };
		2C724D691C53E7EB00A53EAF /* Info.plist */ = {isa = PBXFileReference; lastKnownFileType = text.plist.xml; path = Info.plist; sourceTree = "<group>"; };
		2C724D6E1C53E7EB00A53EAF /* FirebaseJokesUITests.xctest */ = {isa = PBXFileReference; explicitFileType = wrapper.cfbundle; includeInIndex = 0; path = FirebaseJokesUITests.xctest; sourceTree = BUILT_PRODUCTS_DIR; };
		2C724D721C53E7EB00A53EAF /* FirebaseJokesUITests.swift */ = {isa = PBXFileReference; lastKnownFileType = sourcecode.swift; path = FirebaseJokesUITests.swift; sourceTree = "<group>"; };
		2C724D741C53E7EB00A53EAF /* Info.plist */ = {isa = PBXFileReference; lastKnownFileType = text.plist.xml; path = Info.plist; sourceTree = "<group>"; };
		2C724D851C53E87E00A53EAF /* Constants.swift */ = {isa = PBXFileReference; fileEncoding = 4; lastKnownFileType = sourcecode.swift; path = Constants.swift; sourceTree = "<group>"; };
		2C724D871C53E8B500A53EAF /* DataService.swift */ = {isa = PBXFileReference; fileEncoding = 4; lastKnownFileType = sourcecode.swift; path = DataService.swift; sourceTree = "<group>"; };
		2C724D891C53E8D900A53EAF /* Joke.swift */ = {isa = PBXFileReference; fileEncoding = 4; lastKnownFileType = sourcecode.swift; path = Joke.swift; sourceTree = "<group>"; };
		2C724D8B1C53E90300A53EAF /* LoginViewController.swift */ = {isa = PBXFileReference; fileEncoding = 4; lastKnownFileType = sourcecode.swift; path = LoginViewController.swift; sourceTree = "<group>"; };
		2C724D8D1C53E92000A53EAF /* CreateAccountViewController.swift */ = {isa = PBXFileReference; fileEncoding = 4; lastKnownFileType = sourcecode.swift; path = CreateAccountViewController.swift; sourceTree = "<group>"; };
		2C724D8F1C53E93B00A53EAF /* JokesFeedTableViewController.swift */ = {isa = PBXFileReference; fileEncoding = 4; lastKnownFileType = sourcecode.swift; path = JokesFeedTableViewController.swift; sourceTree = "<group>"; };
		2C724D911C53E95600A53EAF /* AddJokeViewController.swift */ = {isa = PBXFileReference; fileEncoding = 4; lastKnownFileType = sourcecode.swift; path = AddJokeViewController.swift; sourceTree = "<group>"; };
		2C724D931C53E97800A53EAF /* JokeCellTableViewCell.swift */ = {isa = PBXFileReference; fileEncoding = 4; lastKnownFileType = sourcecode.swift; path = JokeCellTableViewCell.swift; sourceTree = "<group>"; };
		32978AB175DFB71DC87C1117 /* Pods.framework */ = {isa = PBXFileReference; explicitFileType = wrapper.framework; includeInIndex = 0; path = Pods.framework; sourceTree = BUILT_PRODUCTS_DIR; };
		4807BC4F659F6B3BD6A09852 /* Pods.release.xcconfig */ = {isa = PBXFileReference; includeInIndex = 1; lastKnownFileType = text.xcconfig; name = Pods.release.xcconfig; path = "Pods/Target Support Files/Pods/Pods.release.xcconfig"; sourceTree = "<group>"; };
		717A5572393EBDEEE50D3F6D /* Pods.debug.xcconfig */ = {isa = PBXFileReference; includeInIndex = 1; lastKnownFileType = text.xcconfig; name = Pods.debug.xcconfig; path = "Pods/Target Support Files/Pods/Pods.debug.xcconfig"; sourceTree = "<group>"; };
/* End PBXFileReference section */

/* Begin PBXFrameworksBuildPhase section */
		2C724D4C1C53E7EB00A53EAF /* Frameworks */ = {
			isa = PBXFrameworksBuildPhase;
			buildActionMask = 2147483647;
			files = (
				2A1E018DF10D1C0B718314FC /* Pods.framework in Frameworks */,
			);
			runOnlyForDeploymentPostprocessing = 0;
		};
		2C724D601C53E7EB00A53EAF /* Frameworks */ = {
			isa = PBXFrameworksBuildPhase;
			buildActionMask = 2147483647;
			files = (
			);
			runOnlyForDeploymentPostprocessing = 0;
		};
		2C724D6B1C53E7EB00A53EAF /* Frameworks */ = {
			isa = PBXFrameworksBuildPhase;
			buildActionMask = 2147483647;
			files = (
			);
			runOnlyForDeploymentPostprocessing = 0;
		};
/* End PBXFrameworksBuildPhase section */

/* Begin PBXGroup section */
		0DAF63597777BA20D5F1C6A8 /* Frameworks */ = {
			isa = PBXGroup;
			children = (
				32978AB175DFB71DC87C1117 /* Pods.framework */,
			);
			name = Frameworks;
			sourceTree = "<group>";
		};
		2C724D461C53E7EB00A53EAF = {
			isa = PBXGroup;
			children = (
				2C724D511C53E7EB00A53EAF /* FirebaseJokes */,
				2C724D661C53E7EB00A53EAF /* FirebaseJokesTests */,
				2C724D711C53E7EB00A53EAF /* FirebaseJokesUITests */,
				2C724D501C53E7EB00A53EAF /* Products */,
				983F20743F58E0CB04AE0ACE /* Pods */,
				0DAF63597777BA20D5F1C6A8 /* Frameworks */,
			);
			sourceTree = "<group>";
		};
		2C724D501C53E7EB00A53EAF /* Products */ = {
			isa = PBXGroup;
			children = (
				2C724D4F1C53E7EB00A53EAF /* FirebaseJokes.app */,
				2C724D631C53E7EB00A53EAF /* FirebaseJokesTests.xctest */,
				2C724D6E1C53E7EB00A53EAF /* FirebaseJokesUITests.xctest */,
			);
			name = Products;
			sourceTree = "<group>";
		};
		2C724D511C53E7EB00A53EAF /* FirebaseJokes */ = {
			isa = PBXGroup;
			children = (
				2C724D801C53E82000A53EAF /* Utility */,
				2C724D811C53E82900A53EAF /* Service */,
				2C724D821C53E83400A53EAF /* Model */,
				2C724D831C53E83C00A53EAF /* Controller */,
				2C724D841C53E84A00A53EAF /* View */,
				2C724D521C53E7EB00A53EAF /* AppDelegate.swift */,
				2C724D561C53E7EB00A53EAF /* Main.storyboard */,
				2C724D591C53E7EB00A53EAF /* Assets.xcassets */,
				2C724D5B1C53E7EB00A53EAF /* LaunchScreen.storyboard */,
				2C724D5E1C53E7EB00A53EAF /* Info.plist */,
			);
			path = FirebaseJokes;
			sourceTree = "<group>";
		};
		2C724D661C53E7EB00A53EAF /* FirebaseJokesTests */ = {
			isa = PBXGroup;
			children = (
				2C724D671C53E7EB00A53EAF /* FirebaseJokesTests.swift */,
				2C724D691C53E7EB00A53EAF /* Info.plist */,
			);
			path = FirebaseJokesTests;
			sourceTree = "<group>";
		};
		2C724D711C53E7EB00A53EAF /* FirebaseJokesUITests */ = {
			isa = PBXGroup;
			children = (
				2C724D721C53E7EB00A53EAF /* FirebaseJokesUITests.swift */,
				2C724D741C53E7EB00A53EAF /* Info.plist */,
			);
			path = FirebaseJokesUITests;
			sourceTree = "<group>";
		};
		2C724D801C53E82000A53EAF /* Utility */ = {
			isa = PBXGroup;
			children = (
				2C724D851C53E87E00A53EAF /* Constants.swift */,
			);
			name = Utility;
			sourceTree = "<group>";
		};
		2C724D811C53E82900A53EAF /* Service */ = {
			isa = PBXGroup;
			children = (
				2C724D871C53E8B500A53EAF /* DataService.swift */,
			);
			name = Service;
			sourceTree = "<group>";
		};
		2C724D821C53E83400A53EAF /* Model */ = {
			isa = PBXGroup;
			children = (
				2C724D891C53E8D900A53EAF /* Joke.swift */,
			);
			name = Model;
			sourceTree = "<group>";
		};
		2C724D831C53E83C00A53EAF /* Controller */ = {
			isa = PBXGroup;
			children = (
				2C724D8B1C53E90300A53EAF /* LoginViewController.swift */,
				2C724D8D1C53E92000A53EAF /* CreateAccountViewController.swift */,
				2C724D8F1C53E93B00A53EAF /* JokesFeedTableViewController.swift */,
				2C724D911C53E95600A53EAF /* AddJokeViewController.swift */,
			);
			name = Controller;
			sourceTree = "<group>";
		};
		2C724D841C53E84A00A53EAF /* View */ = {
			isa = PBXGroup;
			children = (
				2C724D931C53E97800A53EAF /* JokeCellTableViewCell.swift */,
			);
			name = View;
			sourceTree = "<group>";
		};
		983F20743F58E0CB04AE0ACE /* Pods */ = {
			isa = PBXGroup;
			children = (
				717A5572393EBDEEE50D3F6D /* Pods.debug.xcconfig */,
				4807BC4F659F6B3BD6A09852 /* Pods.release.xcconfig */,
			);
			name = Pods;
			sourceTree = "<group>";
		};
/* End PBXGroup section */

/* Begin PBXNativeTarget section */
		2C724D4E1C53E7EB00A53EAF /* FirebaseJokes */ = {
			isa = PBXNativeTarget;
			buildConfigurationList = 2C724D771C53E7EB00A53EAF /* Build configuration list for PBXNativeTarget "FirebaseJokes" */;
			buildPhases = (
				940C5FACC843139DDDFBDF9A /* Check Pods Manifest.lock */,
				2C724D4B1C53E7EB00A53EAF /* Sources */,
				2C724D4C1C53E7EB00A53EAF /* Frameworks */,
				2C724D4D1C53E7EB00A53EAF /* Resources */,
				A4D8003D04AA4049188FB737 /* Embed Pods Frameworks */,
				E799A36845CEB71D318CEA26 /* Copy Pods Resources */,
			);
			buildRules = (
			);
			dependencies = (
			);
			name = FirebaseJokes;
			productName = FirebaseJokes;
			productReference = 2C724D4F1C53E7EB00A53EAF /* FirebaseJokes.app */;
			productType = "com.apple.product-type.application";
		};
		2C724D621C53E7EB00A53EAF /* FirebaseJokesTests */ = {
			isa = PBXNativeTarget;
			buildConfigurationList = 2C724D7A1C53E7EB00A53EAF /* Build configuration list for PBXNativeTarget "FirebaseJokesTests" */;
			buildPhases = (
				2C724D5F1C53E7EB00A53EAF /* Sources */,
				2C724D601C53E7EB00A53EAF /* Frameworks */,
				2C724D611C53E7EB00A53EAF /* Resources */,
			);
			buildRules = (
			);
			dependencies = (
				2C724D651C53E7EB00A53EAF /* PBXTargetDependency */,
			);
			name = FirebaseJokesTests;
			productName = FirebaseJokesTests;
			productReference = 2C724D631C53E7EB00A53EAF /* FirebaseJokesTests.xctest */;
			productType = "com.apple.product-type.bundle.unit-test";
		};
		2C724D6D1C53E7EB00A53EAF /* FirebaseJokesUITests */ = {
			isa = PBXNativeTarget;
			buildConfigurationList = 2C724D7D1C53E7EB00A53EAF /* Build configuration list for PBXNativeTarget "FirebaseJokesUITests" */;
			buildPhases = (
				2C724D6A1C53E7EB00A53EAF /* Sources */,
				2C724D6B1C53E7EB00A53EAF /* Frameworks */,
				2C724D6C1C53E7EB00A53EAF /* Resources */,
			);
			buildRules = (
			);
			dependencies = (
				2C724D701C53E7EB00A53EAF /* PBXTargetDependency */,
			);
			name = FirebaseJokesUITests;
			productName = FirebaseJokesUITests;
			productReference = 2C724D6E1C53E7EB00A53EAF /* FirebaseJokesUITests.xctest */;
			productType = "com.apple.product-type.bundle.ui-testing";
		};
/* End PBXNativeTarget section */

/* Begin PBXProject section */
		2C724D471C53E7EB00A53EAF /* Project object */ = {
			isa = PBXProject;
			attributes = {
				LastSwiftUpdateCheck = 0720;
				LastUpgradeCheck = 0720;
				ORGANIZATIONNAME = "Matt Maher";
				TargetAttributes = {
					2C724D4E1C53E7EB00A53EAF = {
						CreatedOnToolsVersion = 7.2;
					};
					2C724D621C53E7EB00A53EAF = {
						CreatedOnToolsVersion = 7.2;
						TestTargetID = 2C724D4E1C53E7EB00A53EAF;
					};
					2C724D6D1C53E7EB00A53EAF = {
						CreatedOnToolsVersion = 7.2;
						TestTargetID = 2C724D4E1C53E7EB00A53EAF;
					};
				};
			};
			buildConfigurationList = 2C724D4A1C53E7EB00A53EAF /* Build configuration list for PBXProject "FirebaseJokes" */;
			compatibilityVersion = "Xcode 3.2";
			developmentRegion = English;
			hasScannedForEncodings = 0;
			knownRegions = (
				en,
				Base,
			);
			mainGroup = 2C724D461C53E7EB00A53EAF;
			productRefGroup = 2C724D501C53E7EB00A53EAF /* Products */;
			projectDirPath = "";
			projectRoot = "";
			targets = (
				2C724D4E1C53E7EB00A53EAF /* FirebaseJokes */,
				2C724D621C53E7EB00A53EAF /* FirebaseJokesTests */,
				2C724D6D1C53E7EB00A53EAF /* FirebaseJokesUITests */,
			);
		};
/* End PBXProject section */

/* Begin PBXResourcesBuildPhase section */
		2C724D4D1C53E7EB00A53EAF /* Resources */ = {
			isa = PBXResourcesBuildPhase;
			buildActionMask = 2147483647;
			files = (
				2C724D5D1C53E7EB00A53EAF /* LaunchScreen.storyboard in Resources */,
				2C724D5A1C53E7EB00A53EAF /* Assets.xcassets in Resources */,
				2C724D581C53E7EB00A53EAF /* Main.storyboard in Resources */,
			);
			runOnlyForDeploymentPostprocessing = 0;
		};
		2C724D611C53E7EB00A53EAF /* Resources */ = {
			isa = PBXResourcesBuildPhase;
			buildActionMask = 2147483647;
			files = (
			);
			runOnlyForDeploymentPostprocessing = 0;
		};
		2C724D6C1C53E7EB00A53EAF /* Resources */ = {
			isa = PBXResourcesBuildPhase;
			buildActionMask = 2147483647;
			files = (
			);
			runOnlyForDeploymentPostprocessing = 0;
		};
/* End PBXResourcesBuildPhase section */

/* Begin PBXShellScriptBuildPhase section */
		940C5FACC843139DDDFBDF9A /* Check Pods Manifest.lock */ = {
			isa = PBXShellScriptBuildPhase;
			buildActionMask = 2147483647;
			files = (
			);
			inputPaths = (
			);
			name = "Check Pods Manifest.lock";
			outputPaths = (
			);
			runOnlyForDeploymentPostprocessing = 0;
			shellPath = /bin/sh;
			shellScript = "diff \"${PODS_ROOT}/../Podfile.lock\" \"${PODS_ROOT}/Manifest.lock\" > /dev/null\nif [[ $? != 0 ]] ; then\n    cat << EOM\nerror: The sandbox is not in sync with the Podfile.lock. Run 'pod install' or update your CocoaPods installation.\nEOM\n    exit 1\nfi\n";
			showEnvVarsInLog = 0;
		};
		A4D8003D04AA4049188FB737 /* Embed Pods Frameworks */ = {
			isa = PBXShellScriptBuildPhase;
			buildActionMask = 2147483647;
			files = (
			);
			inputPaths = (
			);
			name = "Embed Pods Frameworks";
			outputPaths = (
			);
			runOnlyForDeploymentPostprocessing = 0;
			shellPath = /bin/sh;
			shellScript = "\"${SRCROOT}/Pods/Target Support Files/Pods/Pods-frameworks.sh\"\n";
			showEnvVarsInLog = 0;
		};
		E799A36845CEB71D318CEA26 /* Copy Pods Resources */ = {
			isa = PBXShellScriptBuildPhase;
			buildActionMask = 2147483647;
			files = (
			);
			inputPaths = (
			);
			name = "Copy Pods Resources";
			outputPaths = (
			);
			runOnlyForDeploymentPostprocessing = 0;
			shellPath = /bin/sh;
			shellScript = "\"${SRCROOT}/Pods/Target Support Files/Pods/Pods-resources.sh\"\n";
			showEnvVarsInLog = 0;
		};
/* End PBXShellScriptBuildPhase section */

/* Begin PBXSourcesBuildPhase section */
		2C724D4B1C53E7EB00A53EAF /* Sources */ = {
			isa = PBXSourcesBuildPhase;
			buildActionMask = 2147483647;
			files = (
				2C724D941C53E97800A53EAF /* JokeCellTableViewCell.swift in Sources */,
				2C724D8E1C53E92000A53EAF /* CreateAccountViewController.swift in Sources */,
				2C724D8C1C53E90300A53EAF /* LoginViewController.swift in Sources */,
				2C724D8A1C53E8D900A53EAF /* Joke.swift in Sources */,
				2C724D901C53E93B00A53EAF /* JokesFeedTableViewController.swift in Sources */,
				2C724D531C53E7EB00A53EAF /* AppDelegate.swift in Sources */,
				2C724D921C53E95600A53EAF /* AddJokeViewController.swift in Sources */,
				2C724D861C53E87E00A53EAF /* Constants.swift in Sources */,
				2C724D881C53E8B500A53EAF /* DataService.swift in Sources */,
			);
			runOnlyForDeploymentPostprocessing = 0;
		};
		2C724D5F1C53E7EB00A53EAF /* Sources */ = {
			isa = PBXSourcesBuildPhase;
			buildActionMask = 2147483647;
			files = (
				2C724D681C53E7EB00A53EAF /* FirebaseJokesTests.swift in Sources */,
			);
			runOnlyForDeploymentPostprocessing = 0;
		};
		2C724D6A1C53E7EB00A53EAF /* Sources */ = {
			isa = PBXSourcesBuildPhase;
			buildActionMask = 2147483647;
			files = (
				2C724D731C53E7EB00A53EAF /* FirebaseJokesUITests.swift in Sources */,
			);
			runOnlyForDeploymentPostprocessing = 0;
		};
/* End PBXSourcesBuildPhase section */

/* Begin PBXTargetDependency section */
		2C724D651C53E7EB00A53EAF /* PBXTargetDependency */ = {
			isa = PBXTargetDependency;
			target = 2C724D4E1C53E7EB00A53EAF /* FirebaseJokes */;
			targetProxy = 2C724D641C53E7EB00A53EAF /* PBXContainerItemProxy */;
		};
		2C724D701C53E7EB00A53EAF /* PBXTargetDependency */ = {
			isa = PBXTargetDependency;
			target = 2C724D4E1C53E7EB00A53EAF /* FirebaseJokes */;
			targetProxy = 2C724D6F1C53E7EB00A53EAF /* PBXContainerItemProxy */;
		};
/* End PBXTargetDependency section */

/* Begin PBXVariantGroup section */
		2C724D561C53E7EB00A53EAF /* Main.storyboard */ = {
			isa = PBXVariantGroup;
			children = (
				2C724D571C53E7EB00A53EAF /* Base */,
			);
			name = Main.storyboard;
			sourceTree = "<group>";
		};
		2C724D5B1C53E7EB00A53EAF /* LaunchScreen.storyboard */ = {
			isa = PBXVariantGroup;
			children = (
				2C724D5C1C53E7EB00A53EAF /* Base */,
			);
			name = LaunchScreen.storyboard;
			sourceTree = "<group>";
		};
/* End PBXVariantGroup section */

/* Begin XCBuildConfiguration section */
		2C724D751C53E7EB00A53EAF /* Debug */ = {
			isa = XCBuildConfiguration;
			buildSettings = {
				ALWAYS_SEARCH_USER_PATHS = NO;
				CLANG_CXX_LANGUAGE_STANDARD = "gnu++0x";
				CLANG_CXX_LIBRARY = "libc++";
				CLANG_ENABLE_MODULES = YES;
				CLANG_ENABLE_OBJC_ARC = YES;
				CLANG_WARN_BOOL_CONVERSION = YES;
				CLANG_WARN_CONSTANT_CONVERSION = YES;
				CLANG_WARN_DIRECT_OBJC_ISA_USAGE = YES_ERROR;
				CLANG_WARN_EMPTY_BODY = YES;
				CLANG_WARN_ENUM_CONVERSION = YES;
				CLANG_WARN_INT_CONVERSION = YES;
				CLANG_WARN_OBJC_ROOT_CLASS = YES_ERROR;
				CLANG_WARN_UNREACHABLE_CODE = YES;
				CLANG_WARN__DUPLICATE_METHOD_MATCH = YES;
				"CODE_SIGN_IDENTITY[sdk=iphoneos*]" = "iPhone Developer";
				COPY_PHASE_STRIP = NO;
				DEBUG_INFORMATION_FORMAT = dwarf;
				ENABLE_STRICT_OBJC_MSGSEND = YES;
				ENABLE_TESTABILITY = YES;
				GCC_C_LANGUAGE_STANDARD = gnu99;
				GCC_DYNAMIC_NO_PIC = NO;
				GCC_NO_COMMON_BLOCKS = YES;
				GCC_OPTIMIZATION_LEVEL = 0;
				GCC_PREPROCESSOR_DEFINITIONS = (
					"DEBUG=1",
					"$(inherited)",
				);
				GCC_WARN_64_TO_32_BIT_CONVERSION = YES;
				GCC_WARN_ABOUT_RETURN_TYPE = YES_ERROR;
				GCC_WARN_UNDECLARED_SELECTOR = YES;
				GCC_WARN_UNINITIALIZED_AUTOS = YES_AGGRESSIVE;
				GCC_WARN_UNUSED_FUNCTION = YES;
				GCC_WARN_UNUSED_VARIABLE = YES;
				IPHONEOS_DEPLOYMENT_TARGET = 9.2;
				MTL_ENABLE_DEBUG_INFO = YES;
				ONLY_ACTIVE_ARCH = YES;
				SDKROOT = iphoneos;
				SWIFT_OPTIMIZATION_LEVEL = "-Onone";
			};
			name = Debug;
		};
		2C724D761C53E7EB00A53EAF /* Release */ = {
			isa = XCBuildConfiguration;
			buildSettings = {
				ALWAYS_SEARCH_USER_PATHS = NO;
				CLANG_CXX_LANGUAGE_STANDARD = "gnu++0x";
				CLANG_CXX_LIBRARY = "libc++";
				CLANG_ENABLE_MODULES = YES;
				CLANG_ENABLE_OBJC_ARC = YES;
				CLANG_WARN_BOOL_CONVERSION = YES;
				CLANG_WARN_CONSTANT_CONVERSION = YES;
				CLANG_WARN_DIRECT_OBJC_ISA_USAGE = YES_ERROR;
				CLANG_WARN_EMPTY_BODY = YES;
				CLANG_WARN_ENUM_CONVERSION = YES;
				CLANG_WARN_INT_CONVERSION = YES;
				CLANG_WARN_OBJC_ROOT_CLASS = YES_ERROR;
				CLANG_WARN_UNREACHABLE_CODE = YES;
				CLANG_WARN__DUPLICATE_METHOD_MATCH = YES;
				"CODE_SIGN_IDENTITY[sdk=iphoneos*]" = "iPhone Developer";
				COPY_PHASE_STRIP = NO;
				DEBUG_INFORMATION_FORMAT = "dwarf-with-dsym";
				ENABLE_NS_ASSERTIONS = NO;
				ENABLE_STRICT_OBJC_MSGSEND = YES;
				GCC_C_LANGUAGE_STANDARD = gnu99;
				GCC_NO_COMMON_BLOCKS = YES;
				GCC_WARN_64_TO_32_BIT_CONVERSION = YES;
				GCC_WARN_ABOUT_RETURN_TYPE = YES_ERROR;
				GCC_WARN_UNDECLARED_SELECTOR = YES;
				GCC_WARN_UNINITIALIZED_AUTOS = YES_AGGRESSIVE;
				GCC_WARN_UNUSED_FUNCTION = YES;
				GCC_WARN_UNUSED_VARIABLE = YES;
				IPHONEOS_DEPLOYMENT_TARGET = 9.2;
				MTL_ENABLE_DEBUG_INFO = NO;
				SDKROOT = iphoneos;
				VALIDATE_PRODUCT = YES;
			};
			name = Release;
		};
		2C724D781C53E7EB00A53EAF /* Debug */ = {
			isa = XCBuildConfiguration;
			baseConfigurationReference = 717A5572393EBDEEE50D3F6D /* Pods.debug.xcconfig */;
			buildSettings = {
				ASSETCATALOG_COMPILER_APPICON_NAME = AppIcon;
				INFOPLIST_FILE = FirebaseJokes/Info.plist;
				LD_RUNPATH_SEARCH_PATHS = "$(inherited) @executable_path/Frameworks";
				PRODUCT_BUNDLE_IDENTIFIER = com.gommmd.FirebaseJokes;
				PRODUCT_NAME = "$(TARGET_NAME)";
			};
			name = Debug;
		};
		2C724D791C53E7EB00A53EAF /* Release */ = {
			isa = XCBuildConfiguration;
			baseConfigurationReference = 4807BC4F659F6B3BD6A09852 /* Pods.release.xcconfig */;
			buildSettings = {
				ASSETCATALOG_COMPILER_APPICON_NAME = AppIcon;
				INFOPLIST_FILE = FirebaseJokes/Info.plist;
				LD_RUNPATH_SEARCH_PATHS = "$(inherited) @executable_path/Frameworks";
				PRODUCT_BUNDLE_IDENTIFIER = com.gommmd.FirebaseJokes;
				PRODUCT_NAME = "$(TARGET_NAME)";
			};
			name = Release;
		};
		2C724D7B1C53E7EB00A53EAF /* Debug */ = {
			isa = XCBuildConfiguration;
			buildSettings = {
				BUNDLE_LOADER = "$(TEST_HOST)";
				INFOPLIST_FILE = FirebaseJokesTests/Info.plist;
				LD_RUNPATH_SEARCH_PATHS = "$(inherited) @executable_path/Frameworks @loader_path/Frameworks";
				PRODUCT_BUNDLE_IDENTIFIER = com.gommmd.FirebaseJokesTests;
				PRODUCT_NAME = "$(TARGET_NAME)";
				TEST_HOST = "$(BUILT_PRODUCTS_DIR)/FirebaseJokes.app/FirebaseJokes";
			};
			name = Debug;
		};
		2C724D7C1C53E7EB00A53EAF /* Release */ = {
			isa = XCBuildConfiguration;
			buildSettings = {
				BUNDLE_LOADER = "$(TEST_HOST)";
				INFOPLIST_FILE = FirebaseJokesTests/Info.plist;
				LD_RUNPATH_SEARCH_PATHS = "$(inherited) @executable_path/Frameworks @loader_path/Frameworks";
				PRODUCT_BUNDLE_IDENTIFIER = com.gommmd.FirebaseJokesTests;
				PRODUCT_NAME = "$(TARGET_NAME)";
				TEST_HOST = "$(BUILT_PRODUCTS_DIR)/FirebaseJokes.app/FirebaseJokes";
			};
			name = Release;
		};
		2C724D7E1C53E7EB00A53EAF /* Debug */ = {
			isa = XCBuildConfiguration;
			buildSettings = {
				INFOPLIST_FILE = FirebaseJokesUITests/Info.plist;
				LD_RUNPATH_SEARCH_PATHS = "$(inherited) @executable_path/Frameworks @loader_path/Frameworks";
				PRODUCT_BUNDLE_IDENTIFIER = com.gommmd.FirebaseJokesUITests;
				PRODUCT_NAME = "$(TARGET_NAME)";
				TEST_TARGET_NAME = FirebaseJokes;
				USES_XCTRUNNER = YES;
			};
			name = Debug;
		};
		2C724D7F1C53E7EB00A53EAF /* Release */ = {
			isa = XCBuildConfiguration;
			buildSettings = {
				INFOPLIST_FILE = FirebaseJokesUITests/Info.plist;
				LD_RUNPATH_SEARCH_PATHS = "$(inherited) @executable_path/Frameworks @loader_path/Frameworks";
				PRODUCT_BUNDLE_IDENTIFIER = com.gommmd.FirebaseJokesUITests;
				PRODUCT_NAME = "$(TARGET_NAME)";
				TEST_TARGET_NAME = FirebaseJokes;
				USES_XCTRUNNER = YES;
			};
			name = Release;
		};
/* End XCBuildConfiguration section */

/* Begin XCConfigurationList section */
		2C724D4A1C53E7EB00A53EAF /* Build configuration list for PBXProject "FirebaseJokes" */ = {
			isa = XCConfigurationList;
			buildConfigurations = (
				2C724D751C53E7EB00A53EAF /* Debug */,
				2C724D761C53E7EB00A53EAF /* Release */,
			);
			defaultConfigurationIsVisible = 0;
			defaultConfigurationName = Release;
		};
		2C724D771C53E7EB00A53EAF /* Build configuration list for PBXNativeTarget "FirebaseJokes" */ = {
			isa = XCConfigurationList;
			buildConfigurations = (
				2C724D781C53E7EB00A53EAF /* Debug */,
				2C724D791C53E7EB00A53EAF /* Release */,
			);
			defaultConfigurationIsVisible = 0;
			defaultConfigurationName = Release;
		};
		2C724D7A1C53E7EB00A53EAF /* Build configuration list for PBXNativeTarget "FirebaseJokesTests" */ = {
			isa = XCConfigurationList;
			buildConfigurations = (
				2C724D7B1C53E7EB00A53EAF /* Debug */,
				2C724D7C1C53E7EB00A53EAF /* Release */,
			);
			defaultConfigurationIsVisible = 0;
			defaultConfigurationName = Release;
		};
		2C724D7D1C53E7EB00A53EAF /* Build configuration list for PBXNativeTarget "FirebaseJokesUITests" */ = {
			isa = XCConfigurationList;
			buildConfigurations = (
				2C724D7E1C53E7EB00A53EAF /* Debug */,
				2C724D7F1C53E7EB00A53EAF /* Release */,
			);
			defaultConfigurationIsVisible = 0;
			defaultConfigurationName = Release;
		};
/* End XCConfigurationList section */
	};
	rootObject = 2C724D471C53E7EB00A53EAF /* Project object */;
}
